dependencies:
  espressif/esp_codec_dev:
    component_hash: 896c67360ae1f8dedaf8a53dfe48c015317fa455f061a5165307892296990028
    dependencies:
    - name: idf
      require: private
      version: '>=4.0'
    source:
      registry_url: https://components.espressif.com/
      type: service
    version: 1.5.10
  idf:
    source:
      type: idf
    version: 5.5.3
direct_dependencies:
- espressif/esp_codec_dev
manifest_hash: 08b3a6824113b513be2ade43dc0d2ce74c248d4090dd6f8d089292892ed97827
target: esp32s3
version: 2.0.0
